
Microsoft Visual Studio Solution File, Format Version 12.00
# Visual Studio Version 17
VisualStudioVersion = 17.5.002.0
MinimumVisualStudioVersion = 10.0.40219.1
Project("{9A19103F-16F7-4668-BE54-9A1E7A4F7556}") = "AuthService", "AuthService.csproj", "{82A262EC-8B0F-47E6-AD61-664EDF95E2C0}"
EndProject
Global
	GlobalSection(SolutionConfigurationPlatforms) = preSolution
		Debug|Any CPU = Debug|Any CPU
		Release|Any CPU = Release|Any CPU
	EndGlobalSection
	GlobalSection(ProjectConfigurationPlatforms) = postSolution
		{82A262EC-8B0F-47E6-AD61-664EDF95E2C0}.Debug|Any CPU.ActiveCfg = Debug|Any CPU
		{82A262EC-8B0F-47E6-AD61-664EDF95E2C0}.Debug|Any CPU.Build.0 = Debug|Any CPU
		{82A262EC-8B0F-47E6-AD61-664EDF95E2C0}.Release|Any CPU.ActiveCfg = Release|Any CPU
		{82A262EC-8B0F-47E6-AD61-664EDF95E2C0}.Release|Any CPU.Build.0 = Release|Any CPU
	EndGlobalSection
	GlobalSection(SolutionProperties) = preSolution
		HideSolutionNode = FALSE
	EndGlobalSection
	GlobalSection(ExtensibilityGlobals) = postSolution
		SolutionGuid = {2E983B21-4B6E-4D43-92E1-30F3315AC637}
	EndGlobalSection
EndGlobal
